dependencies:
- name: ubuntu-env
  repository: http://10.0.129.13:8088
  version: 0.1.0
- name: oss-consul-server
  repository: http://10.0.129.13:8088
  version: 0.1.0
- name: oss-consul-client
  repository: http://10.0.129.13:8088
  version: 0.1.0
digest: sha256:c05906447173cc3a81aa3d416e03f1092ec91cf949b05ff21c1c256eac2b4466
generated: "2020-03-01T20:57:28.935302631+08:00"
