dependencies:
- name: ubuntu-env
  repository: http://192.168.122.82:8890
  version: 0.1.0
- name: oss-consul-server
  repository: http://192.168.122.82:8890
  version: 0.1.0
- name: oss-consul-client
  repository: http://192.168.122.82:8890
  version: 0.1.0
digest: sha256:b14edf9912147849bfa6b416eb99189035e271fea5b1c6070e39ffab9114d367
generated: "2020-03-01T23:39:03.183387509+08:00"
